
Microsoft Visual Studio Solution File, Format Version 12.00
# Visual Studio Version 17
VisualStudioVersion = 17.13.35931.197 d17.13
MinimumVisualStudioVersion = 10.0.40219.1
Project("{FAE04EC0-301F-11D3-BF4B-00C04F79EFBC}") = "Chess", "Chess.csproj", "{251EE3F9-A6DB-48DF-923D-40B23EA156B6}"
EndProject
Global
	GlobalSection(SolutionConfigurationPlatforms) = preSolution
		Debug|Any CPU = Debug|Any CPU
		Release|Any CPU = Release|Any CPU
	EndGlobalSection
	GlobalSection(ProjectConfigurationPlatforms) = postSolution
		{251EE3F9-A6DB-48DF-923D-40B23EA156B6}.Debug|Any CPU.ActiveCfg = Debug|Any CPU
		{251EE3F9-A6DB-48DF-923D-40B23EA156B6}.Debug|Any CPU.Build.0 = Debug|Any CPU
		{251EE3F9-A6DB-48DF-923D-40B23EA156B6}.Release|Any CPU.ActiveCfg = Release|Any CPU
		{251EE3F9-A6DB-48DF-923D-40B23EA156B6}.Release|Any CPU.Build.0 = Release|Any CPU
	EndGlobalSection
	GlobalSection(SolutionProperties) = preSolution
		HideSolutionNode = FALSE
	EndGlobalSection
	GlobalSection(ExtensibilityGlobals) = postSolution
		SolutionGuid = {68B87322-B877-493A-8A57-E007E4F0FE8C}
	EndGlobalSection
EndGlobal
